
Microsoft Visual Studio Solution File, Format Version 12.00
# Visual Studio 15
VisualStudioVersion = 15.0.28307.705
MinimumVisualStudioVersion = 10.0.40219.1
Project("{9A19103F-16F7-4668-BE54-9A1E7A4F7556}") = "ToolkitExt.Api", "Source\ToolkitExt.Api\ToolkitExt.Api.csproj", "{79C99279-1E4C-4D04-B321-0BB4529084AF}"
EndProject
Project("{D954291E-2A0B-460D-934E-DC6B0785DB48}") = "ToolkitExt.Translations", "Source\ToolkitExt.Translations\ToolkitExt.Translations.shproj", "{4013A32F-63B8-4A71-AA5D-ECC7FBFA7E86}"
EndProject
Project("{2150E333-8FDC-42A3-9474-1A3956D46DE8}") = "Resources", "Resources", "{568390C0-4F1C-46D8-820C-FF6AA91F31E7}"
	ProjectSection(SolutionItems) = preProject
		Directory.Build.props = Directory.Build.props
		Directory.Build.targets = Directory.Build.targets
	EndProjectSection
EndProject
Project("{9A19103F-16F7-4668-BE54-9A1E7A4F7556}") = "ToolkitExt.Core", "Source\ToolkitExt.Core\ToolkitExt.Core.csproj", "{10A1F183-68DA-43B8-BB0C-B8DA0C3576AB}"
EndProject
Project("{9A19103F-16F7-4668-BE54-9A1E7A4F7556}") = "ToolkitExt.Mod", "Source\ToolkitExt.Mod\ToolkitExt.Mod.csproj", "{DEC9AEEF-DE40-4D4A-82FA-2A33D97BB328}"
EndProject
Global
	GlobalSection(SharedMSBuildProjectFiles) = preSolution
		Source\ToolkitExt.Translations\ToolkitExt.Translations.projitems*{4013a32f-63b8-4a71-aa5d-ecc7fbfa7e86}*SharedItemsImports = 13
	EndGlobalSection
	GlobalSection(SolutionConfigurationPlatforms) = preSolution
		Debug|Any CPU = Debug|Any CPU
		Release|Any CPU = Release|Any CPU
	EndGlobalSection
	GlobalSection(ProjectConfigurationPlatforms) = postSolution
		{79C99279-1E4C-4D04-B321-0BB4529084AF}.Debug|Any CPU.ActiveCfg = Debug|Any CPU
		{79C99279-1E4C-4D04-B321-0BB4529084AF}.Debug|Any CPU.Build.0 = Debug|Any CPU
		{79C99279-1E4C-4D04-B321-0BB4529084AF}.Release|Any CPU.ActiveCfg = Debug|Any CPU
		{79C99279-1E4C-4D04-B321-0BB4529084AF}.Release|Any CPU.Build.0 = Debug|Any CPU
		{10A1F183-68DA-43B8-BB0C-B8DA0C3576AB}.Debug|Any CPU.ActiveCfg = Debug|Any CPU
		{10A1F183-68DA-43B8-BB0C-B8DA0C3576AB}.Debug|Any CPU.Build.0 = Debug|Any CPU
		{10A1F183-68DA-43B8-BB0C-B8DA0C3576AB}.Release|Any CPU.ActiveCfg = Release|Any CPU
		{10A1F183-68DA-43B8-BB0C-B8DA0C3576AB}.Release|Any CPU.Build.0 = Release|Any CPU
		{DEC9AEEF-DE40-4D4A-82FA-2A33D97BB328}.Debug|Any CPU.ActiveCfg = Debug|Any CPU
		{DEC9AEEF-DE40-4D4A-82FA-2A33D97BB328}.Debug|Any CPU.Build.0 = Debug|Any CPU
		{DEC9AEEF-DE40-4D4A-82FA-2A33D97BB328}.Release|Any CPU.ActiveCfg = Release|Any CPU
		{DEC9AEEF-DE40-4D4A-82FA-2A33D97BB328}.Release|Any CPU.Build.0 = Release|Any CPU
	EndGlobalSection
	GlobalSection(SolutionProperties) = preSolution
		HideSolutionNode = FALSE
	EndGlobalSection
	GlobalSection(NestedProjects) = preSolution
		{4013A32F-63B8-4A71-AA5D-ECC7FBFA7E86} = {568390C0-4F1C-46D8-820C-FF6AA91F31E7}
	EndGlobalSection
	GlobalSection(ExtensibilityGlobals) = postSolution
		SolutionGuid = {AF0E2130-3439-47D3-B100-FBC796BB102C}
	EndGlobalSection
EndGlobal
